// !$*UTF8*$!
{
	archiveVersion = 1;
	classes = {
	};
	objectVersion = 46;
	objects = {

/* Begin PBXBuildFile section */
		195463421FB812B900B7B91B /* Api.swift in Sources */ = {isa = PBXBuildFile; fileRef = 195463411FB812B900B7B91B /* Api.swift */; };
		195463441FB81CAD00B7B91B /* Confg.swift in Sources */ = {isa = PBXBuildFile; fileRef = 195463431FB81CAD00B7B91B /* Confg.swift */; };
		19864A281FA4EA3B00D24064 /* AppDelegate.swift in Sources */ = {isa = PBXBuildFile; fileRef = 19864A271FA4EA3B00D24064 /* AppDelegate.swift */; };
		19864A2A1FA4EA3B00D24064 /* ViewController.swift in Sources */ = {isa = PBXBuildFile; fileRef = 19864A291FA4EA3B00D24064 /* ViewController.swift */; };
		19864A2F1FA4EA3B00D24064 /* Assets.xcassets in Resources */ = {isa = PBXBuildFile; fileRef = 19864A2E1FA4EA3B00D24064 /* Assets.xcassets */; };
		19864A321FA4EA3B00D24064 /* LaunchScreen.storyboard in Resources */ = {isa = PBXBuildFile; fileRef = 19864A301FA4EA3B00D24064 /* LaunchScreen.storyboard */; };
		19BD3CD51FB34A1E00FD7097 /* Home.storyboard in Resources */ = {isa = PBXBuildFile; fileRef = 19BD3CD41FB34A1E00FD7097 /* Home.storyboard */; };
		19BD3CDB1FB34A8400FD7097 /* Me.storyboard in Resources */ = {isa = PBXBuildFile; fileRef = 19BD3CDA1FB34A8400FD7097 /* Me.storyboard */; };
		19BD3CDD1FB34B2900FD7097 /* HomeTableViewController.swift in Sources */ = {isa = PBXBuildFile; fileRef = 19BD3CDC1FB34B2900FD7097 /* HomeTableViewController.swift */; };
		19BD3CDF1FB34B8600FD7097 /* HomeTableViewCell.swift in Sources */ = {isa = PBXBuildFile; fileRef = 19BD3CDE1FB34B8600FD7097 /* HomeTableViewCell.swift */; };
		19BD3CE11FB34C7B00FD7097 /* Main.storyboard in Resources */ = {isa = PBXBuildFile; fileRef = 19BD3CE01FB34C7B00FD7097 /* Main.storyboard */; };
		C6B84F7BBF360CD88350482E /* Pods_CNode.framework in Frameworks */ = {isa = PBXBuildFile; fileRef = 2F1A5D7D5933FEC5E5452AD0 /* Pods_CNode.framework */; };
/* End PBXBuildFile section */

/* Begin PBXFileReference section */
		195463411FB812B900B7B91B /* Api.swift */ = {isa = PBXFileReference; lastKnownFileType = sourcecode.swift; path = Api.swift; sourceTree = "<group>"; };
		195463431FB81CAD00B7B91B /* Confg.swift */ = {isa = PBXFileReference; lastKnownFileType = sourcecode.swift; path = Confg.swift; sourceTree = "<group>"; };
		19864A241FA4EA3B00D24064 /* CNode.app */ = {isa = PBXFileReference; explicitFileType = wrapper.application; includeInIndex = 0; path = CNode.app; sourceTree = BUILT_PRODUCTS_DIR; };
		19864A271FA4EA3B00D24064 /* AppDelegate.swift */ = {isa = PBXFileReference; lastKnownFileType = sourcecode.swift; path = AppDelegate.swift; sourceTree = "<group>"; };
		19864A291FA4EA3B00D24064 /* ViewController.swift */ = {isa = PBXFileReference; lastKnownFileType = sourcecode.swift; path = ViewController.swift; sourceTree = "<group>"; };
		19864A2E1FA4EA3B00D24064 /* Assets.xcassets */ = {isa = PBXFileReference; lastKnownFileType = folder.assetcatalog; path = Assets.xcassets; sourceTree = "<group>"; };
		19864A311FA4EA3B00D24064 /* Base */ = {isa = PBXFileReference; lastKnownFileType = file.storyboard; name = Base; path = Base.lproj/LaunchScreen.storyboard; sourceTree = "<group>"; };
		19864A331FA4EA3B00D24064 /* Info.plist */ = {isa = PBXFileReference; lastKnownFileType = text.plist.xml; path = Info.plist; sourceTree = "<group>"; };
		19BD3CD41FB34A1E00FD7097 /* Home.storyboard */ = {isa = PBXFileReference; fileEncoding = 4; lastKnownFileType = file.storyboard; path = Home.storyboard; sourceTree = "<group>"; };
		19BD3CDA1FB34A8400FD7097 /* Me.storyboard */ = {isa = PBXFileReference; fileEncoding = 4; lastKnownFileType = file.storyboard; path = Me.storyboard; sourceTree = "<group>"; };
		19BD3CDC1FB34B2900FD7097 /* HomeTableViewController.swift */ = {isa = PBXFileReference; fileEncoding = 4; lastKnownFileType = sourcecode.swift; path = HomeTableViewController.swift; sourceTree = "<group>"; };
		19BD3CDE1FB34B8600FD7097 /* HomeTableViewCell.swift */ = {isa = PBXFileReference; fileEncoding = 4; lastKnownFileType = sourcecode.swift; path = HomeTableViewCell.swift; sourceTree = "<group>"; };
		19BD3CE01FB34C7B00FD7097 /* Main.storyboard */ = {isa = PBXFileReference; fileEncoding = 4; lastKnownFileType = file.storyboard; path = Main.storyboard; sourceTree = "<group>"; };
		2F1A5D7D5933FEC5E5452AD0 /* Pods_CNode.framework */ = {isa = PBXFileReference; explicitFileType = wrapper.framework; includeInIndex = 0; path = Pods_CNode.framework; sourceTree = BUILT_PRODUCTS_DIR; };
		46DB6345CEF3F62E49312E89 /* Pods-CNode.debug.xcconfig */ = {isa = PBXFileReference; includeInIndex = 1; lastKnownFileType = text.xcconfig; name = "Pods-CNode.debug.xcconfig"; path = "Pods/Target Support Files/Pods-CNode/Pods-CNode.debug.xcconfig"; sourceTree = "<group>"; };
		96C91AF07E9DC6AF18A8FFF5 /* Pods-CNode.release.xcconfig */ = {isa = PBXFileReference; includeInIndex = 1; lastKnownFileType = text.xcconfig; name = "Pods-CNode.release.xcconfig"; path = "Pods/Target Support Files/Pods-CNode/Pods-CNode.release.xcconfig"; sourceTree = "<group>"; };
/* End PBXFileReference section */

/* Begin PBXFrameworksBuildPhase section */
		19864A211FA4EA3B00D24064 /* Frameworks */ = {
			isa = PBXFrameworksBuildPhase;
			buildActionMask = 2147483647;
			files = (
				C6B84F7BBF360CD88350482E /* Pods_CNode.framework in Frameworks */,
			);
			runOnlyForDeploymentPostprocessing = 0;
		};
/* End PBXFrameworksBuildPhase section */

/* Begin PBXGroup section */
		195463401FB812A800B7B91B /* NetWorking */ = {
			isa = PBXGroup;
			children = (
				195463411FB812B900B7B91B /* Api.swift */,
			);
			path = NetWorking;
			sourceTree = "<group>";
		};
		19864A1B1FA4EA3B00D24064 = {
			isa = PBXGroup;
			children = (
				19864A261FA4EA3B00D24064 /* CNode */,
				19864A251FA4EA3B00D24064 /* Products */,
				E143772A986F7970B54D671A /* Pods */,
				28A2EBC229443F001FC22B9E /* Frameworks */,
			);
			sourceTree = "<group>";
		};
		19864A251FA4EA3B00D24064 /* Products */ = {
			isa = PBXGroup;
			children = (
				19864A241FA4EA3B00D24064 /* CNode.app */,
			);
			name = Products;
			sourceTree = "<group>";
		};
		19864A261FA4EA3B00D24064 /* CNode */ = {
			isa = PBXGroup;
			children = (
				19864A391FA4EA9B00D24064 /* Classes */,
				19864A271FA4EA3B00D24064 /* AppDelegate.swift */,
				19864A291FA4EA3B00D24064 /* ViewController.swift */,
				19864A2E1FA4EA3B00D24064 /* Assets.xcassets */,
				19864A301FA4EA3B00D24064 /* LaunchScreen.storyboard */,
				19864A331FA4EA3B00D24064 /* Info.plist */,
			);
			path = CNode;
			sourceTree = "<group>";
		};
		19864A391FA4EA9B00D24064 /* Classes */ = {
			isa = PBXGroup;
			children = (
				19BD3CD61FB34A7700FD7097 /* Me(我) */,
				19BD3CD01FB349A000FD7097 /* Home(首页) */,
				19864A3E1FA4EA9B00D24064 /* Main(主要) */,
				19864A451FA4EA9B00D24064 /* Tools(工具) */,
			);
			path = Classes;
			sourceTree = "<group>";
		};
		19864A3E1FA4EA9B00D24064 /* Main(主要) */ = {
			isa = PBXGroup;
			children = (
				19864A3F1FA4EA9B00D24064 /* Controller */,
				19864A401FA4EA9B00D24064 /* View */,
			);
			path = "Main(主要)";
			sourceTree = "<group>";
		};
		19864A3F1FA4EA9B00D24064 /* Controller */ = {
			isa = PBXGroup;
			children = (
			);
			path = Controller;
			sourceTree = "<group>";
		};
		19864A401FA4EA9B00D24064 /* View */ = {
			isa = PBXGroup;
			children = (
				19BD3CE01FB34C7B00FD7097 /* Main.storyboard */,
			);
			path = View;
			sourceTree = "<group>";
		};
		19864A451FA4EA9B00D24064 /* Tools(工具) */ = {
			isa = PBXGroup;
			children = (
				195463401FB812A800B7B91B /* NetWorking */,
				195463431FB81CAD00B7B91B /* Confg.swift */,
			);
			path = "Tools(工具)";
			sourceTree = "<group>";
		};
		19BD3CD01FB349A000FD7097 /* Home(首页) */ = {
			isa = PBXGroup;
			children = (
				19BD3CD11FB349A000FD7097 /* Controller */,
				19BD3CD21FB349A000FD7097 /* Model */,
				19BD3CD31FB349A000FD7097 /* View */,
			);
			path = "Home(首页)";
			sourceTree = "<group>";
		};
		19BD3CD11FB349A000FD7097 /* Controller */ = {
			isa = PBXGroup;
			children = (
				19BD3CDC1FB34B2900FD7097 /* HomeTableViewController.swift */,
			);
			path = Controller;
			sourceTree = "<group>";
		};
		19BD3CD21FB349A000FD7097 /* Model */ = {
			isa = PBXGroup;
			children = (
			);
			path = Model;
			sourceTree = "<group>";
		};
		19BD3CD31FB349A000FD7097 /* View */ = {
			isa = PBXGroup;
			children = (
				19BD3CD41FB34A1E00FD7097 /* Home.storyboard */,
				19BD3CDE1FB34B8600FD7097 /* HomeTableViewCell.swift */,
			);
			path = View;
			sourceTree = "<group>";
		};
		19BD3CD61FB34A7700FD7097 /* Me(我) */ = {
			isa = PBXGroup;
			children = (
				19BD3CD71FB34A7700FD7097 /* Controller */,
				19BD3CD81FB34A7700FD7097 /* Model */,
				19BD3CD91FB34A7700FD7097 /* View */,
			);
			path = "Me(我)";
			sourceTree = "<group>";
		};
		19BD3CD71FB34A7700FD7097 /* Controller */ = {
			isa = PBXGroup;
			children = (
			);
			path = Controller;
			sourceTree = "<group>";
		};
		19BD3CD81FB34A7700FD7097 /* Model */ = {
			isa = PBXGroup;
			children = (
			);
			path = Model;
			sourceTree = "<group>";
		};
		19BD3CD91FB34A7700FD7097 /* View */ = {
			isa = PBXGroup;
			children = (
				19BD3CDA1FB34A8400FD7097 /* Me.storyboard */,
			);
			path = View;
			sourceTree = "<group>";
		};
		28A2EBC229443F001FC22B9E /* Frameworks */ = {
			isa = PBXGroup;
			children = (
				2F1A5D7D5933FEC5E5452AD0 /* Pods_CNode.framework */,
			);
			name = Frameworks;
			sourceTree = "<group>";
		};
		E143772A986F7970B54D671A /* Pods */ = {
			isa = PBXGroup;
			children = (
				46DB6345CEF3F62E49312E89 /* Pods-CNode.debug.xcconfig */,
				96C91AF07E9DC6AF18A8FFF5 /* Pods-CNode.release.xcconfig */,
			);
			name = Pods;
			sourceTree = "<group>";
		};
/* End PBXGroup section */

/* Begin PBXNativeTarget section */
		19864A231FA4EA3B00D24064 /* CNode */ = {
			isa = PBXNativeTarget;
			buildConfigurationList = 19864A361FA4EA3B00D24064 /* Build configuration list for PBXNativeTarget "CNode" */;
			buildPhases = (
				0AD9EB7A32C76A90542A936E /* [CP] Check Pods Manifest.lock */,
				19864A201FA4EA3B00D24064 /* Sources */,
				19864A211FA4EA3B00D24064 /* Frameworks */,
				19864A221FA4EA3B00D24064 /* Resources */,
				30A9A8B651A883387FDFF900 /* [CP] Embed Pods Frameworks */,
				1B74667CC56CC3A1D0F730CC /* [CP] Copy Pods Resources */,
			);
			buildRules = (
			);
			dependencies = (
			);
			name = CNode;
			productName = CNode;
			productReference = 19864A241FA4EA3B00D24064 /* CNode.app */;
			productType = "com.apple.product-type.application";
		};
/* End PBXNativeTarget section */

/* Begin PBXProject section */
		19864A1C1FA4EA3B00D24064 /* Project object */ = {
			isa = PBXProject;
			attributes = {
				LastSwiftUpdateCheck = 0830;
				LastUpgradeCheck = 0910;
				ORGANIZATIONNAME = sunyc;
				TargetAttributes = {
					19864A231FA4EA3B00D24064 = {
						CreatedOnToolsVersion = 8.3.3;
						DevelopmentTeam = F944EVG5N6;
						LastSwiftMigration = 0910;
						ProvisioningStyle = Automatic;
					};
				};
			};
			buildConfigurationList = 19864A1F1FA4EA3B00D24064 /* Build configuration list for PBXProject "CNode" */;
			compatibilityVersion = "Xcode 3.2";
			developmentRegion = English;
			hasScannedForEncodings = 0;
			knownRegions = (
				en,
				Base,
			);
			mainGroup = 19864A1B1FA4EA3B00D24064;
			productRefGroup = 19864A251FA4EA3B00D24064 /* Products */;
			projectDirPath = "";
			projectRoot = "";
			targets = (
				19864A231FA4EA3B00D24064 /* CNode */,
			);
		};
/* End PBXProject section */

/* Begin PBXResourcesBuildPhase section */
		19864A221FA4EA3B00D24064 /* Resources */ = {
			isa = PBXResourcesBuildPhase;
			buildActionMask = 2147483647;
			files = (
				19864A321FA4EA3B00D24064 /* LaunchScreen.storyboard in Resources */,
				19BD3CE11FB34C7B00FD7097 /* Main.storyboard in Resources */,
				19864A2F1FA4EA3B00D24064 /* Assets.xcassets in Resources */,
				19BD3CDB1FB34A8400FD7097 /* Me.storyboard in Resources */,
				19BD3CD51FB34A1E00FD7097 /* Home.storyboard in Resources */,
			);
			runOnlyForDeploymentPostprocessing = 0;
		};
/* End PBXResourcesBuildPhase section */

/* Begin PBXShellScriptBuildPhase section */
		0AD9EB7A32C76A90542A936E /* [CP] Check Pods Manifest.lock */ = {
			isa = PBXShellScriptBuildPhase;
			buildActionMask = 2147483647;
			files = (
			);
			inputPaths = (
				"${PODS_PODFILE_DIR_PATH}/Podfile.lock",
				"${PODS_ROOT}/Manifest.lock",
			);
			name = "[CP] Check Pods Manifest.lock";
			outputPaths = (
				"$(DERIVED_FILE_DIR)/Pods-CNode-checkManifestLockResult.txt",
			);
			runOnlyForDeploymentPostprocessing = 0;
			shellPath = /bin/sh;
			shellScript = "diff \"${PODS_PODFILE_DIR_PATH}/Podfile.lock\" \"${PODS_ROOT}/Manifest.lock\" > /dev/null\nif [ $? != 0 ] ; then\n    # print error to STDERR\n    echo \"error: The sandbox is not in sync with the Podfile.lock. Run 'pod install' or update your CocoaPods installation.\" >&2\n    exit 1\nfi\n# This output is used by Xcode 'outputs' to avoid re-running this script phase.\necho \"SUCCESS\" > \"${SCRIPT_OUTPUT_FILE_0}\"\n";
			showEnvVarsInLog = 0;
		};
		1B74667CC56CC3A1D0F730CC /* [CP] Copy Pods Resources */ = {
			isa = PBXShellScriptBuildPhase;
			buildActionMask = 2147483647;
			files = (
			);
			inputPaths = (
			);
			name = "[CP] Copy Pods Resources";
			outputPaths = (
			);
			runOnlyForDeploymentPostprocessing = 0;
			shellPath = /bin/sh;
			shellScript = "\"${SRCROOT}/Pods/Target Support Files/Pods-CNode/Pods-CNode-resources.sh\"\n";
			showEnvVarsInLog = 0;
		};
		30A9A8B651A883387FDFF900 /* [CP] Embed Pods Frameworks */ = {
			isa = PBXShellScriptBuildPhase;
			buildActionMask = 2147483647;
			files = (
			);
			inputPaths = (
				"${SRCROOT}/Pods/Target Support Files/Pods-CNode/Pods-CNode-frameworks.sh",
				"${BUILT_PRODUCTS_DIR}/Alamofire/Alamofire.framework",
				"${BUILT_PRODUCTS_DIR}/Moya/Moya.framework",
				"${BUILT_PRODUCTS_DIR}/Result/Result.framework",
				"${BUILT_PRODUCTS_DIR}/RxSwift/RxSwift.framework",
				"${BUILT_PRODUCTS_DIR}/SnapKit/SnapKit.framework",
				"${BUILT_PRODUCTS_DIR}/SwiftyJSON/SwiftyJSON.framework",
			);
			name = "[CP] Embed Pods Frameworks";
			outputPaths = (
				"${TARGET_BUILD_DIR}/${FRAMEWORKS_FOLDER_PATH}/Alamofire.framework",
				"${TARGET_BUILD_DIR}/${FRAMEWORKS_FOLDER_PATH}/Moya.framework",
				"${TARGET_BUILD_DIR}/${FRAMEWORKS_FOLDER_PATH}/Result.framework",
				"${TARGET_BUILD_DIR}/${FRAMEWORKS_FOLDER_PATH}/RxSwift.framework",
				"${TARGET_BUILD_DIR}/${FRAMEWORKS_FOLDER_PATH}/SnapKit.framework",
				"${TARGET_BUILD_DIR}/${FRAMEWORKS_FOLDER_PATH}/SwiftyJSON.framework",
			);
			runOnlyForDeploymentPostprocessing = 0;
			shellPath = /bin/sh;
			shellScript = "\"${SRCROOT}/Pods/Target Support Files/Pods-CNode/Pods-CNode-frameworks.sh\"\n";
			showEnvVarsInLog = 0;
		};
/* End PBXShellScriptBuildPhase section */

/* Begin PBXSourcesBuildPhase section */
		19864A201FA4EA3B00D24064 /* Sources */ = {
			isa = PBXSourcesBuildPhase;
			buildActionMask = 2147483647;
			files = (
				19BD3CDD1FB34B2900FD7097 /* HomeTableViewController.swift in Sources */,
				19864A2A1FA4EA3B00D24064 /* ViewController.swift in Sources */,
				19864A281FA4EA3B00D24064 /* AppDelegate.swift in Sources */,
				195463421FB812B900B7B91B /* Api.swift in Sources */,
				19BD3CDF1FB34B8600FD7097 /* HomeTableViewCell.swift in Sources */,
				195463441FB81CAD00B7B91B /* Confg.swift in Sources */,
			);
			runOnlyForDeploymentPostprocessing = 0;
		};
/* End PBXSourcesBuildPhase section */

/* Begin PBXVariantGroup section */
		19864A301FA4EA3B00D24064 /* LaunchScreen.storyboard */ = {
			isa = PBXVariantGroup;
			children = (
				19864A311FA4EA3B00D24064 /* Base */,
			);
			name = LaunchScreen.storyboard;
			sourceTree = "<group>";
		};
/* End PBXVariantGroup section */

/* Begin XCBuildConfiguration section */
		19864A341FA4EA3B00D24064 /* Debug */ = {
			isa = XCBuildConfiguration;
			buildSettings = {
				ALWAYS_SEARCH_USER_PATHS = NO;
				CLANG_ANALYZER_NONNULL = YES;
				CLANG_ANALYZER_NUMBER_OBJECT_CONVERSION = YES_AGGRESSIVE;
				CLANG_CXX_LANGUAGE_STANDARD = "gnu++0x";
				CLANG_CXX_LIBRARY = "libc++";
				CLANG_ENABLE_MODULES = YES;
				CLANG_ENABLE_OBJC_ARC = YES;
				CLANG_WARN_BLOCK_CAPTURE_AUTORELEASING = YES;
				CLANG_WARN_BOOL_CONVERSION = YES;
				CLANG_WARN_COMMA = YES;
				CLANG_WARN_CONSTANT_CONVERSION = YES;
				CLANG_WARN_DIRECT_OBJC_ISA_USAGE = YES_ERROR;
				CLANG_WARN_DOCUMENTATION_COMMENTS = YES;
				CLANG_WARN_EMPTY_BODY = YES;
				CLANG_WARN_ENUM_CONVERSION = YES;
				CLANG_WARN_INFINITE_RECURSION = YES;
				CLANG_WARN_INT_CONVERSION = YES;
				CLANG_WARN_NON_LITERAL_NULL_CONVERSION = YES;
				CLANG_WARN_OBJC_LITERAL_CONVERSION = YES;
				CLANG_WARN_OBJC_ROOT_CLASS = YES_ERROR;
				CLANG_WARN_RANGE_LOOP_ANALYSIS = YES;
				CLANG_WARN_STRICT_PROTOTYPES = YES;
				CLANG_WARN_SUSPICIOUS_MOVE = YES;
				CLANG_WARN_UNREACHABLE_CODE = YES;
				CLANG_WARN__DUPLICATE_METHOD_MATCH = YES;
				"CODE_SIGN_IDENTITY[sdk=iphoneos*]" = "iPhone Developer";
				COPY_PHASE_STRIP = NO;
				DEBUG_INFORMATION_FORMAT = dwarf;
				ENABLE_STRICT_OBJC_MSGSEND = YES;
				ENABLE_TESTABILITY = YES;
				GCC_C_LANGUAGE_STANDARD = gnu99;
				GCC_DYNAMIC_NO_PIC = NO;
				GCC_NO_COMMON_BLOCKS = YES;
				GCC_OPTIMIZATION_LEVEL = 0;
				GCC_PREPROCESSOR_DEFINITIONS = (
					"DEBUG=1",
					"$(inherited)",
				);
				GCC_WARN_64_TO_32_BIT_CONVERSION = YES;
				GCC_WARN_ABOUT_RETURN_TYPE = YES_ERROR;
				GCC_WARN_UNDECLARED_SELECTOR = YES;
				GCC_WARN_UNINITIALIZED_AUTOS = YES_AGGRESSIVE;
				GCC_WARN_UNUSED_FUNCTION = YES;
				GCC_WARN_UNUSED_VARIABLE = YES;
				IPHONEOS_DEPLOYMENT_TARGET = 10.3;
				MTL_ENABLE_DEBUG_INFO = YES;
				ONLY_ACTIVE_ARCH = YES;
				SDKROOT = iphoneos;
				SWIFT_ACTIVE_COMPILATION_CONDITIONS = DEBUG;
				SWIFT_OPTIMIZATION_LEVEL = "-Onone";
			};
			name = Debug;
		};
		19864A351FA4EA3B00D24064 /* Release */ = {
			isa = XCBuildConfiguration;
			buildSettings = {
				ALWAYS_SEARCH_USER_PATHS = NO;
				CLANG_ANALYZER_NONNULL = YES;
				CLANG_ANALYZER_NUMBER_OBJECT_CONVERSION = YES_AGGRESSIVE;
				CLANG_CXX_LANGUAGE_STANDARD = "gnu++0x";
				CLANG_CXX_LIBRARY = "libc++";
				CLANG_ENABLE_MODULES = YES;
				CLANG_ENABLE_OBJC_ARC = YES;
				CLANG_WARN_BLOCK_CAPTURE_AUTORELEASING = YES;
				CLANG_WARN_BOOL_CONVERSION = YES;
				CLANG_WARN_COMMA = YES;
				CLANG_WARN_CONSTANT_CONVERSION = YES;
				CLANG_WARN_DIRECT_OBJC_ISA_USAGE = YES_ERROR;
				CLANG_WARN_DOCUMENTATION_COMMENTS = YES;
				CLANG_WARN_EMPTY_BODY = YES;
				CLANG_WARN_ENUM_CONVERSION = YES;
				CLANG_WARN_INFINITE_RECURSION = YES;
				CLANG_WARN_INT_CONVERSION = YES;
				CLANG_WARN_NON_LITERAL_NULL_CONVERSION = YES;
				CLANG_WARN_OBJC_LITERAL_CONVERSION = YES;
				CLANG_WARN_OBJC_ROOT_CLASS = YES_ERROR;
				CLANG_WARN_RANGE_LOOP_ANALYSIS = YES;
				CLANG_WARN_STRICT_PROTOTYPES = YES;
				CLANG_WARN_SUSPICIOUS_MOVE = YES;
				CLANG_WARN_UNREACHABLE_CODE = YES;
				CLANG_WARN__DUPLICATE_METHOD_MATCH = YES;
				"CODE_SIGN_IDENTITY[sdk=iphoneos*]" = "iPhone Developer";
				COPY_PHASE_STRIP = NO;
				DEBUG_INFORMATION_FORMAT = "dwarf-with-dsym";
				ENABLE_NS_ASSERTIONS = NO;
				ENABLE_STRICT_OBJC_MSGSEND = YES;
				GCC_C_LANGUAGE_STANDARD = gnu99;
				GCC_NO_COMMON_BLOCKS = YES;
				GCC_WARN_64_TO_32_BIT_CONVERSION = YES;
				GCC_WARN_ABOUT_RETURN_TYPE = YES_ERROR;
				GCC_WARN_UNDECLARED_SELECTOR = YES;
				GCC_WARN_UNINITIALIZED_AUTOS = YES_AGGRESSIVE;
				GCC_WARN_UNUSED_FUNCTION = YES;
				GCC_WARN_UNUSED_VARIABLE = YES;
				IPHONEOS_DEPLOYMENT_TARGET = 10.3;
				MTL_ENABLE_DEBUG_INFO = NO;
				SDKROOT = iphoneos;
				SWIFT_OPTIMIZATION_LEVEL = "-Owholemodule";
				VALIDATE_PRODUCT = YES;
			};
			name = Release;
		};
		19864A371FA4EA3B00D24064 /* Debug */ = {
			isa = XCBuildConfiguration;
			baseConfigurationReference = 46DB6345CEF3F62E49312E89 /* Pods-CNode.debug.xcconfig */;
			buildSettings = {
				ASSETCATALOG_COMPILER_APPICON_NAME = AppIcon;
				DEVELOPMENT_TEAM = F944EVG5N6;
				INFOPLIST_FILE = CNode/Info.plist;
				IPHONEOS_DEPLOYMENT_TARGET = 9.0;
				LD_RUNPATH_SEARCH_PATHS = "$(inherited) @executable_path/Frameworks";
				PRODUCT_BUNDLE_IDENTIFIER = im.syc.cnode;
				PRODUCT_NAME = "$(TARGET_NAME)";
				SWIFT_VERSION = 4.0;
			};
			name = Debug;
		};
		19864A381FA4EA3B00D24064 /* Release */ = {
			isa = XCBuildConfiguration;
			baseConfigurationReference = 96C91AF07E9DC6AF18A8FFF5 /* Pods-CNode.release.xcconfig */;
			buildSettings = {
				ASSETCATALOG_COMPILER_APPICON_NAME = AppIcon;
				DEVELOPMENT_TEAM = F944EVG5N6;
				INFOPLIST_FILE = CNode/Info.plist;
				IPHONEOS_DEPLOYMENT_TARGET = 9.0;
				LD_RUNPATH_SEARCH_PATHS = "$(inherited) @executable_path/Frameworks";
				PRODUCT_BUNDLE_IDENTIFIER = im.syc.cnode;
				PRODUCT_NAME = "$(TARGET_NAME)";
				SWIFT_VERSION = 4.0;
			};
			name = Release;
		};
/* End XCBuildConfiguration section */

/* Begin XCConfigurationList section */
		19864A1F1FA4EA3B00D24064 /* Build configuration list for PBXProject "CNode" */ = {
			isa = XCConfigurationList;
			buildConfigurations = (
				19864A341FA4EA3B00D24064 /* Debug */,
				19864A351FA4EA3B00D24064 /* Release */,
			);
			defaultConfigurationIsVisible = 0;
			defaultConfigurationName = Release;
		};
		19864A361FA4EA3B00D24064 /* Build configuration list for PBXNativeTarget "CNode" */ = {
			isa = XCConfigurationList;
			buildConfigurations = (
				19864A371FA4EA3B00D24064 /* Debug */,
				19864A381FA4EA3B00D24064 /* Release */,
			);
			defaultConfigurationIsVisible = 0;
			defaultConfigurationName = Release;
		};
/* End XCConfigurationList section */
	};
	rootObject = 19864A1C1FA4EA3B00D24064 /* Project object */;
}
